// !$*UTF8*$!
{
	archiveVersion = 1;
	classes = {
	};
	objectVersion = 46;
	objects = {

/* Begin PBXBuildFile section */
		1100F7CB1BE2269000822573 /* AppDelegate.swift in Sources */ = {isa = PBXBuildFile; fileRef = 1100F7CA1BE2269000822573 /* AppDelegate.swift */; };
		1100F7CD1BE2269000822573 /* ViewController.swift in Sources */ = {isa = PBXBuildFile; fileRef = 1100F7CC1BE2269000822573 /* ViewController.swift */; };
		1100F7D01BE2269000822573 /* Main.storyboard in Resources */ = {isa = PBXBuildFile; fileRef = 1100F7CE1BE2269000822573 /* Main.storyboard */; };
		1100F7D21BE2269000822573 /* Assets.xcassets in Resources */ = {isa = PBXBuildFile; fileRef = 1100F7D11BE2269000822573 /* Assets.xcassets */; };
		1100F7D51BE2269000822573 /* LaunchScreen.storyboard in Resources */ = {isa = PBXBuildFile; fileRef = 1100F7D31BE2269000822573 /* LaunchScreen.storyboard */; };
/* End PBXBuildFile section */

/* Begin PBXFileReference section */
		1100F7C71BE2268F00822573 /* Timezones.app */ = {isa = PBXFileReference; explicitFileType = wrapper.application; includeInIndex = 0; name = Timezones.app; path = "/Users/mpappalardo/Desktop/Timezones/build/Debug-iphoneos/Timezones.app"; sourceTree = "<absolute>"; };
		1100F7CA1BE2269000822573 /* AppDelegate.swift */ = {isa = PBXFileReference; lastKnownFileType = sourcecode.swift; path = AppDelegate.swift; sourceTree = "<group>"; };
		1100F7CC1BE2269000822573 /* ViewController.swift */ = {isa = PBXFileReference; lastKnownFileType = sourcecode.swift; path = ViewController.swift; sourceTree = "<group>"; };
		1100F7CF1BE2269000822573 /* Base */ = {isa = PBXFileReference; lastKnownFileType = file.storyboard; name = Base; path = Base.lproj/Main.storyboard; sourceTree = "<group>"; };
		1100F7D11BE2269000822573 /* Assets.xcassets */ = {isa = PBXFileReference; lastKnownFileType = folder.assetcatalog; path = Assets.xcassets; sourceTree = "<group>"; };
		1100F7D41BE2269000822573 /* Base */ = {isa = PBXFileReference; lastKnownFileType = file.storyboard; name = Base; path = Base.lproj/LaunchScreen.storyboard; sourceTree = "<group>"; };
		1100F7D61BE2269000822573 /* Info.plist */ = {isa = PBXFileReference; lastKnownFileType = text.plist.xml; path = Info.plist; sourceTree = "<group>"; };
/* End PBXFileReference section */

/* Begin PBXFrameworksBuildPhase section */
		1100F7C41BE2268F00822573 /* Frameworks */ = {
			isa = PBXFrameworksBuildPhase;
			buildActionMask = 2147483647;
			files = (
			);
			runOnlyForDeploymentPostprocessing = 0;
		};
/* End PBXFrameworksBuildPhase section */

/* Begin PBXGroup section */
		1100F7BE1BE2268F00822573 = {
			isa = PBXGroup;
			children = (
				1100F7C91BE2268F00822573 /* Timezones */,
			);
			sourceTree = "<group>";
		};
		1100F7C91BE2268F00822573 /* Timezones */ = {
			isa = PBXGroup;
			children = (
				1100F7CA1BE2269000822573 /* AppDelegate.swift */,
				1100F7CC1BE2269000822573 /* ViewController.swift */,
				1100F7CE1BE2269000822573 /* Main.storyboard */,
				1100F7D11BE2269000822573 /* Assets.xcassets */,
				1100F7D31BE2269000822573 /* LaunchScreen.storyboard */,
				1100F7D61BE2269000822573 /* Info.plist */,
			);
			path = Timezones;
			sourceTree = "<group>";
		};
/* End PBXGroup section */

/* Begin PBXNativeTarget section */
		1100F7C61BE2268F00822573 /* Timezones */ = {
			isa = PBXNativeTarget;
			buildConfigurationList = 1100F7E41BE2269000822573 /* Build configuration list for PBXNativeTarget "Timezones" */;
			buildPhases = (
				1100F7C31BE2268F00822573 /* Sources */,
				1100F7C41BE2268F00822573 /* Frameworks */,
				1100F7C51BE2268F00822573 /* Resources */,
			);
			buildRules = (
			);
			dependencies = (
			);
			name = Timezones;
			productName = Timezones;
			productReference = 1100F7C71BE2268F00822573 /* Timezones.app */;
			productType = "com.apple.product-type.application";
		};
/* End PBXNativeTarget section */

/* Begin PBXProject section */
		1100F7BF1BE2268F00822573 /* Project object */ = {
			isa = PBXProject;
			attributes = {
				LastSwiftUpdateCheck = 0710;
				LastUpgradeCheck = 0710;
				TargetAttributes = {
					1100F7C61BE2268F00822573 = {
						CreatedOnToolsVersion = 7.1;
					};
				};
			};
			buildConfigurationList = 1100F7C21BE2268F00822573 /* Build configuration list for PBXProject "Timezones" */;
			compatibilityVersion = "Xcode 3.2";
			developmentRegion = English;
			hasScannedForEncodings = 0;
			knownRegions = (
				en,
				Base,
			);
			mainGroup = 1100F7BE1BE2268F00822573;
			productRefGroup = 1100F7BE1BE2268F00822573;
			projectDirPath = "";
			projectRoot = "";
			targets = (
				1100F7C61BE2268F00822573 /* Timezones */,
			);
		};
/* End PBXProject section */

/* Begin PBXResourcesBuildPhase section */
		1100F7C51BE2268F00822573 /* Resources */ = {
			isa = PBXResourcesBuildPhase;
			buildActionMask = 2147483647;
			files = (
				1100F7D51BE2269000822573 /* LaunchScreen.storyboard in Resources */,
				1100F7D21BE2269000822573 /* Assets.xcassets in Resources */,
				1100F7D01BE2269000822573 /* Main.storyboard in Resources */,
			);
			runOnlyForDeploymentPostprocessing = 0;
		};
/* End PBXResourcesBuildPhase section */

/* Begin PBXSourcesBuildPhase section */
		1100F7C31BE2268F00822573 /* Sources */ = {
			isa = PBXSourcesBuildPhase;
			buildActionMask = 2147483647;
			files = (
				1100F7CD1BE2269000822573 /* ViewController.swift in Sources */,
				1100F7CB1BE2269000822573 /* AppDelegate.swift in Sources */,
			);
			runOnlyForDeploymentPostprocessing = 0;
		};
/* End PBXSourcesBuildPhase section */

/* Begin PBXVariantGroup section */
		1100F7CE1BE2269000822573 /* Main.storyboard */ = {
			isa = PBXVariantGroup;
			children = (
				1100F7CF1BE2269000822573 /* Base */,
			);
			name = Main.storyboard;
			sourceTree = "<group>";
		};
		1100F7D31BE2269000822573 /* LaunchScreen.storyboard */ = {
			isa = PBXVariantGroup;
			children = (
				1100F7D41BE2269000822573 /* Base */,
			);
			name = LaunchScreen.storyboard;
			sourceTree = "<group>";
		};
/* End PBXVariantGroup section */

/* Begin XCBuildConfiguration section */
		1100F7E21BE2269000822573 /* Debug */ = {
			isa = XCBuildConfiguration;
			buildSettings = {
				ALWAYS_SEARCH_USER_PATHS = NO;
				CLANG_CXX_LANGUAGE_STANDARD = "gnu++0x";
				CLANG_CXX_LIBRARY = "libc++";
				CLANG_ENABLE_MODULES = YES;
				CLANG_ENABLE_OBJC_ARC = YES;
				CLANG_WARN_BOOL_CONVERSION = YES;
				CLANG_WARN_CONSTANT_CONVERSION = YES;
				CLANG_WARN_DIRECT_OBJC_ISA_USAGE = YES_ERROR;
				CLANG_WARN_EMPTY_BODY = YES;
				CLANG_WARN_ENUM_CONVERSION = YES;
				CLANG_WARN_INT_CONVERSION = YES;
				CLANG_WARN_OBJC_ROOT_CLASS = YES_ERROR;
				CLANG_WARN_UNREACHABLE_CODE = YES;
				CLANG_WARN__DUPLICATE_METHOD_MATCH = YES;
				"CODE_SIGN_IDENTITY[sdk=iphoneos*]" = "iPhone Developer";
				COPY_PHASE_STRIP = NO;
				DEBUG_INFORMATION_FORMAT = dwarf;
				ENABLE_STRICT_OBJC_MSGSEND = YES;
				ENABLE_TESTABILITY = YES;
				GCC_C_LANGUAGE_STANDARD = gnu99;
				GCC_DYNAMIC_NO_PIC = NO;
				GCC_NO_COMMON_BLOCKS = YES;
				GCC_OPTIMIZATION_LEVEL = 0;
				GCC_PREPROCESSOR_DEFINITIONS = (
					"DEBUG=1",
					"$(inherited)",
				);
				GCC_WARN_64_TO_32_BIT_CONVERSION = YES;
				GCC_WARN_ABOUT_RETURN_TYPE = YES_ERROR;
				GCC_WARN_UNDECLARED_SELECTOR = YES;
				GCC_WARN_UNINITIALIZED_AUTOS = YES_AGGRESSIVE;
				GCC_WARN_UNUSED_FUNCTION = YES;
				GCC_WARN_UNUSED_VARIABLE = YES;
				IPHONEOS_DEPLOYMENT_TARGET = 9.1;
				MTL_ENABLE_DEBUG_INFO = YES;
				ONLY_ACTIVE_ARCH = YES;
				SDKROOT = iphoneos;
				SWIFT_OPTIMIZATION_LEVEL = "-Onone";
				TARGETED_DEVICE_FAMILY = "1,2";
			};
			name = Debug;
		};
		1100F7E31BE2269000822573 /* Release */ = {
			isa = XCBuildConfiguration;
			buildSettings = {
				ALWAYS_SEARCH_USER_PATHS = NO;
				CLANG_CXX_LANGUAGE_STANDARD = "gnu++0x";
				CLANG_CXX_LIBRARY = "libc++";
				CLANG_ENABLE_MODULES = YES;
				CLANG_ENABLE_OBJC_ARC = YES;
				CLANG_WARN_BOOL_CONVERSION = YES;
				CLANG_WARN_CONSTANT_CONVERSION = YES;
				CLANG_WARN_DIRECT_OBJC_ISA_USAGE = YES_ERROR;
				CLANG_WARN_EMPTY_BODY = YES;
				CLANG_WARN_ENUM_CONVERSION = YES;
				CLANG_WARN_INT_CONVERSION = YES;
				CLANG_WARN_OBJC_ROOT_CLASS = YES_ERROR;
				CLANG_WARN_UNREACHABLE_CODE = YES;
				CLANG_WARN__DUPLICATE_METHOD_MATCH = YES;
				"CODE_SIGN_IDENTITY[sdk=iphoneos*]" = "iPhone Developer";
				COPY_PHASE_STRIP = NO;
				DEBUG_INFORMATION_FORMAT = "dwarf-with-dsym";
				ENABLE_NS_ASSERTIONS = NO;
				ENABLE_STRICT_OBJC_MSGSEND = YES;
				GCC_C_LANGUAGE_STANDARD = gnu99;
				GCC_NO_COMMON_BLOCKS = YES;
				GCC_WARN_64_TO_32_BIT_CONVERSION = YES;
				GCC_WARN_ABOUT_RETURN_TYPE = YES_ERROR;
				GCC_WARN_UNDECLARED_SELECTOR = YES;
				GCC_WARN_UNINITIALIZED_AUTOS = YES_AGGRESSIVE;
				GCC_WARN_UNUSED_FUNCTION = YES;
				GCC_WARN_UNUSED_VARIABLE = YES;
				IPHONEOS_DEPLOYMENT_TARGET = 9.1;
				MTL_ENABLE_DEBUG_INFO = NO;
				SDKROOT = iphoneos;
				TARGETED_DEVICE_FAMILY = "1,2";
				VALIDATE_PRODUCT = YES;
			};
			name = Release;
		};
		1100F7E51BE2269000822573 /* Debug */ = {
			isa = XCBuildConfiguration;
			buildSettings = {
				ASSETCATALOG_COMPILER_APPICON_NAME = AppIcon;
				CODE_SIGN_IDENTITY = "iPhone Developer";
				INFOPLIST_FILE = "$(SRCROOT)/Timezones/Info.plist";
				LD_RUNPATH_SEARCH_PATHS = "$(inherited) @executable_path/Frameworks";
				PRODUCT_BUNDLE_IDENTIFIER = Timezones;
				PRODUCT_NAME = Timezones;
			};
			name = Debug;
		};
		1100F7E61BE2269000822573 /* Release */ = {
			isa = XCBuildConfiguration;
			buildSettings = {
				ASSETCATALOG_COMPILER_APPICON_NAME = AppIcon;
				CODE_SIGN_IDENTITY = "iPhone Developer";
				INFOPLIST_FILE = "$(SRCROOT)/Timezones/Info.plist";
				LD_RUNPATH_SEARCH_PATHS = "$(inherited) @executable_path/Frameworks";
				PRODUCT_BUNDLE_IDENTIFIER = Timezones;
				PRODUCT_NAME = Timezones;
			};
			name = Release;
		};
/* End XCBuildConfiguration section */

/* Begin XCConfigurationList section */
		1100F7C21BE2268F00822573 /* Build configuration list for PBXProject "Timezones" */ = {
			isa = XCConfigurationList;
			buildConfigurations = (
				1100F7E21BE2269000822573 /* Debug */,
				1100F7E31BE2269000822573 /* Release */,
			);
			defaultConfigurationIsVisible = 0;
			defaultConfigurationName = Release;
		};
		1100F7E41BE2269000822573 /* Build configuration list for PBXNativeTarget "Timezones" */ = {
			isa = XCConfigurationList;
			buildConfigurations = (
				1100F7E51BE2269000822573 /* Debug */,
				1100F7E61BE2269000822573 /* Release */,
			);
			defaultConfigurationIsVisible = 0;
			defaultConfigurationName = Release;
		};
/* End XCConfigurationList section */
	};
	rootObject = 1100F7BF1BE2268F00822573 /* Project object */;
}
